Microsoft Visual Studio Solution File, Format Version 11.00
# Visual Studio 2010
Project("{8BC9CEB8-8B4A-11D0-8D11-00A0C91BC942}") = "ALL_BUILD", "ALL_BUILD.vcxproj", "{5DEA87C9-58DD-4916-9AF9-073E4110B0D5}"
	ProjectSection(ProjectDependencies) = postProject
		{2AD2C299-4822-4AEB-B156-396F9A8D835C} = {2AD2C299-4822-4AEB-B156-396F9A8D835C}
		{F719BC44-5711-41C0-941D-22463F65FEB3} = {F719BC44-5711-41C0-941D-22463F65FEB3}
	EndProjectSection
EndProject
Project("{8BC9CEB8-8B4A-11D0-8D11-00A0C91BC942}") = "VisualizerWidget", "VisualizerWidget.vcxproj", "{2AD2C299-4822-4AEB-B156-396F9A8D835C}"
	ProjectSection(ProjectDependencies) = postProject
		{F719BC44-5711-41C0-941D-22463F65FEB3} = {F719BC44-5711-41C0-941D-22463F65FEB3}
	EndProjectSection
EndProject
Project("{8BC9CEB8-8B4A-11D0-8D11-00A0C91BC942}") = "ZERO_CHECK", "ZERO_CHECK.vcxproj", "{F719BC44-5711-41C0-941D-22463F65FEB3}"
	ProjectSection(ProjectDependencies) = postProject
	EndProjectSection
EndProject
Global
	GlobalSection(SolutionConfigurationPlatforms) = preSolution
		Debug|x64 = Debug|x64
		Release|x64 = Release|x64
		MinSizeRel|x64 = MinSizeRel|x64
		RelWithDebInfo|x64 = RelWithDebInfo|x64
	EndGlobalSection
	GlobalSection(ProjectConfigurationPlatforms) = postSolution
		{5DEA87C9-58DD-4916-9AF9-073E4110B0D5}.Debug|x64.ActiveCfg = Debug|x64
		{5DEA87C9-58DD-4916-9AF9-073E4110B0D5}.Release|x64.ActiveCfg = Release|x64
		{5DEA87C9-58DD-4916-9AF9-073E4110B0D5}.MinSizeRel|x64.ActiveCfg = MinSizeRel|x64
		{5DEA87C9-58DD-4916-9AF9-073E4110B0D5}.RelWithDebInfo|x64.ActiveCfg = RelWithDebInfo|x64
		{2AD2C299-4822-4AEB-B156-396F9A8D835C}.Debug|x64.ActiveCfg = Debug|x64
		{2AD2C299-4822-4AEB-B156-396F9A8D835C}.Debug|x64.Build.0 = Debug|x64
		{2AD2C299-4822-4AEB-B156-396F9A8D835C}.Release|x64.ActiveCfg = Release|x64
		{2AD2C299-4822-4AEB-B156-396F9A8D835C}.Release|x64.Build.0 = Release|x64
		{2AD2C299-4822-4AEB-B156-396F9A8D835C}.MinSizeRel|x64.ActiveCfg = MinSizeRel|x64
		{2AD2C299-4822-4AEB-B156-396F9A8D835C}.MinSizeRel|x64.Build.0 = MinSizeRel|x64
		{2AD2C299-4822-4AEB-B156-396F9A8D835C}.RelWithDebInfo|x64.ActiveCfg = RelWithDebInfo|x64
		{2AD2C299-4822-4AEB-B156-396F9A8D835C}.RelWithDebInfo|x64.Build.0 = RelWithDebInfo|x64
		{F719BC44-5711-41C0-941D-22463F65FEB3}.Debug|x64.ActiveCfg = Debug|x64
		{F719BC44-5711-41C0-941D-22463F65FEB3}.Debug|x64.Build.0 = Debug|x64
		{F719BC44-5711-41C0-941D-22463F65FEB3}.Release|x64.ActiveCfg = Release|x64
		{F719BC44-5711-41C0-941D-22463F65FEB3}.Release|x64.Build.0 = Release|x64
		{F719BC44-5711-41C0-941D-22463F65FEB3}.MinSizeRel|x64.ActiveCfg = MinSizeRel|x64
		{F719BC44-5711-41C0-941D-22463F65FEB3}.MinSizeRel|x64.Build.0 = MinSizeRel|x64
		{F719BC44-5711-41C0-941D-22463F65FEB3}.RelWithDebInfo|x64.ActiveCfg = RelWithDebInfo|x64
		{F719BC44-5711-41C0-941D-22463F65FEB3}.RelWithDebInfo|x64.Build.0 = RelWithDebInfo|x64
	EndGlobalSection
	GlobalSection(ExtensibilityGlobals) = postSolution
	EndGlobalSection
	GlobalSection(ExtensibilityAddIns) = postSolution
	EndGlobalSection
EndGlobal
