Microsoft Visual Studio Solution File, Format Version 11.00
# Visual Studio 2010
Project("{8BC9CEB8-8B4A-11D0-8D11-00A0C91BC942}") = "ALL_BUILD", "ALL_BUILD.vcxproj", "{20DC794E-E7AC-4146-8AE5-92807103A5C4}"
	ProjectSection(ProjectDependencies) = postProject
		{ADE0C228-BD74-4F33-9568-F7F8112FB114} = {ADE0C228-BD74-4F33-9568-F7F8112FB114}
		{A6D450AF-6D99-4753-A242-125F78529218} = {A6D450AF-6D99-4753-A242-125F78529218}
	EndProjectSection
EndProject
Project("{8BC9CEB8-8B4A-11D0-8D11-00A0C91BC942}") = "VisualizerWidget", "VisualizerWidget.vcxproj", "{ADE0C228-BD74-4F33-9568-F7F8112FB114}"
	ProjectSection(ProjectDependencies) = postProject
		{A6D450AF-6D99-4753-A242-125F78529218} = {A6D450AF-6D99-4753-A242-125F78529218}
	EndProjectSection
EndProject
Project("{8BC9CEB8-8B4A-11D0-8D11-00A0C91BC942}") = "ZERO_CHECK", "ZERO_CHECK.vcxproj", "{A6D450AF-6D99-4753-A242-125F78529218}"
	ProjectSection(ProjectDependencies) = postProject
	EndProjectSection
EndProject
Global
	GlobalSection(SolutionConfigurationPlatforms) = preSolution
		Debug|x64 = Debug|x64
		Release|x64 = Release|x64
		MinSizeRel|x64 = MinSizeRel|x64
		RelWithDebInfo|x64 = RelWithDebInfo|x64
	EndGlobalSection
	GlobalSection(ProjectConfigurationPlatforms) = postSolution
		{20DC794E-E7AC-4146-8AE5-92807103A5C4}.Debug|x64.ActiveCfg = Debug|x64
		{20DC794E-E7AC-4146-8AE5-92807103A5C4}.Release|x64.ActiveCfg = Release|x64
		{20DC794E-E7AC-4146-8AE5-92807103A5C4}.MinSizeRel|x64.ActiveCfg = MinSizeRel|x64
		{20DC794E-E7AC-4146-8AE5-92807103A5C4}.RelWithDebInfo|x64.ActiveCfg = RelWithDebInfo|x64
		{ADE0C228-BD74-4F33-9568-F7F8112FB114}.Debug|x64.ActiveCfg = Debug|x64
		{ADE0C228-BD74-4F33-9568-F7F8112FB114}.Debug|x64.Build.0 = Debug|x64
		{ADE0C228-BD74-4F33-9568-F7F8112FB114}.Release|x64.ActiveCfg = Release|x64
		{ADE0C228-BD74-4F33-9568-F7F8112FB114}.Release|x64.Build.0 = Release|x64
		{ADE0C228-BD74-4F33-9568-F7F8112FB114}.MinSizeRel|x64.ActiveCfg = MinSizeRel|x64
		{ADE0C228-BD74-4F33-9568-F7F8112FB114}.MinSizeRel|x64.Build.0 = MinSizeRel|x64
		{ADE0C228-BD74-4F33-9568-F7F8112FB114}.RelWithDebInfo|x64.ActiveCfg = RelWithDebInfo|x64
		{ADE0C228-BD74-4F33-9568-F7F8112FB114}.RelWithDebInfo|x64.Build.0 = RelWithDebInfo|x64
		{A6D450AF-6D99-4753-A242-125F78529218}.Debug|x64.ActiveCfg = Debug|x64
		{A6D450AF-6D99-4753-A242-125F78529218}.Debug|x64.Build.0 = Debug|x64
		{A6D450AF-6D99-4753-A242-125F78529218}.Release|x64.ActiveCfg = Release|x64
		{A6D450AF-6D99-4753-A242-125F78529218}.Release|x64.Build.0 = Release|x64
		{A6D450AF-6D99-4753-A242-125F78529218}.MinSizeRel|x64.ActiveCfg = MinSizeRel|x64
		{A6D450AF-6D99-4753-A242-125F78529218}.MinSizeRel|x64.Build.0 = MinSizeRel|x64
		{A6D450AF-6D99-4753-A242-125F78529218}.RelWithDebInfo|x64.ActiveCfg = RelWithDebInfo|x64
		{A6D450AF-6D99-4753-A242-125F78529218}.RelWithDebInfo|x64.Build.0 = RelWithDebInfo|x64
	EndGlobalSection
	GlobalSection(ExtensibilityGlobals) = postSolution
	EndGlobalSection
	GlobalSection(ExtensibilityAddIns) = postSolution
	EndGlobalSection
EndGlobal
