Microsoft Visual Studio Solution File, Format Version 11.00
# Visual Studio 2010
Project("{8BC9CEB8-8B4A-11D0-8D11-00A0C91BC942}") = "ALL_BUILD", "ALL_BUILD.vcxproj", "{89ACD4FB-46F6-40F0-B43C-80C41E4DAD15}"
	ProjectSection(ProjectDependencies) = postProject
		{8BD1B90C-0EEE-41F0-8C11-FB19722C66CB} = {8BD1B90C-0EEE-41F0-8C11-FB19722C66CB}
		{3733E19C-0BC1-4E81-8686-B4EDA788B338} = {3733E19C-0BC1-4E81-8686-B4EDA788B338}
	EndProjectSection
EndProject
Project("{8BC9CEB8-8B4A-11D0-8D11-00A0C91BC942}") = "VisualizerWidget", "VisualizerWidget.vcxproj", "{8BD1B90C-0EEE-41F0-8C11-FB19722C66CB}"
	ProjectSection(ProjectDependencies) = postProject
		{3733E19C-0BC1-4E81-8686-B4EDA788B338} = {3733E19C-0BC1-4E81-8686-B4EDA788B338}
	EndProjectSection
EndProject
Project("{8BC9CEB8-8B4A-11D0-8D11-00A0C91BC942}") = "ZERO_CHECK", "ZERO_CHECK.vcxproj", "{3733E19C-0BC1-4E81-8686-B4EDA788B338}"
	ProjectSection(ProjectDependencies) = postProject
	EndProjectSection
EndProject
Global
	GlobalSection(SolutionConfigurationPlatforms) = preSolution
		Debug|x64 = Debug|x64
		Release|x64 = Release|x64
		MinSizeRel|x64 = MinSizeRel|x64
		RelWithDebInfo|x64 = RelWithDebInfo|x64
	EndGlobalSection
	GlobalSection(ProjectConfigurationPlatforms) = postSolution
		{89ACD4FB-46F6-40F0-B43C-80C41E4DAD15}.Debug|x64.ActiveCfg = Debug|x64
		{89ACD4FB-46F6-40F0-B43C-80C41E4DAD15}.Release|x64.ActiveCfg = Release|x64
		{89ACD4FB-46F6-40F0-B43C-80C41E4DAD15}.MinSizeRel|x64.ActiveCfg = MinSizeRel|x64
		{89ACD4FB-46F6-40F0-B43C-80C41E4DAD15}.RelWithDebInfo|x64.ActiveCfg = RelWithDebInfo|x64
		{8BD1B90C-0EEE-41F0-8C11-FB19722C66CB}.Debug|x64.ActiveCfg = Debug|x64
		{8BD1B90C-0EEE-41F0-8C11-FB19722C66CB}.Debug|x64.Build.0 = Debug|x64
		{8BD1B90C-0EEE-41F0-8C11-FB19722C66CB}.Release|x64.ActiveCfg = Release|x64
		{8BD1B90C-0EEE-41F0-8C11-FB19722C66CB}.Release|x64.Build.0 = Release|x64
		{8BD1B90C-0EEE-41F0-8C11-FB19722C66CB}.MinSizeRel|x64.ActiveCfg = MinSizeRel|x64
		{8BD1B90C-0EEE-41F0-8C11-FB19722C66CB}.MinSizeRel|x64.Build.0 = MinSizeRel|x64
		{8BD1B90C-0EEE-41F0-8C11-FB19722C66CB}.RelWithDebInfo|x64.ActiveCfg = RelWithDebInfo|x64
		{8BD1B90C-0EEE-41F0-8C11-FB19722C66CB}.RelWithDebInfo|x64.Build.0 = RelWithDebInfo|x64
		{3733E19C-0BC1-4E81-8686-B4EDA788B338}.Debug|x64.ActiveCfg = Debug|x64
		{3733E19C-0BC1-4E81-8686-B4EDA788B338}.Debug|x64.Build.0 = Debug|x64
		{3733E19C-0BC1-4E81-8686-B4EDA788B338}.Release|x64.ActiveCfg = Release|x64
		{3733E19C-0BC1-4E81-8686-B4EDA788B338}.Release|x64.Build.0 = Release|x64
		{3733E19C-0BC1-4E81-8686-B4EDA788B338}.MinSizeRel|x64.ActiveCfg = MinSizeRel|x64
		{3733E19C-0BC1-4E81-8686-B4EDA788B338}.MinSizeRel|x64.Build.0 = MinSizeRel|x64
		{3733E19C-0BC1-4E81-8686-B4EDA788B338}.RelWithDebInfo|x64.ActiveCfg = RelWithDebInfo|x64
		{3733E19C-0BC1-4E81-8686-B4EDA788B338}.RelWithDebInfo|x64.Build.0 = RelWithDebInfo|x64
	EndGlobalSection
	GlobalSection(ExtensibilityGlobals) = postSolution
	EndGlobalSection
	GlobalSection(ExtensibilityAddIns) = postSolution
	EndGlobalSection
EndGlobal
