<?xml version="1.0" encoding="Windows-1252"?>
<Project ToolsVersion="4.0" xmlns="http://schemas.microsoft.com/developer/msbuild/2003">
  <ItemGroup>
    <CustomBuild Include="CMakeFiles\c1044b84bda1232b9f85b22fa27cb86d\generate.stamp.rule">
      <Filter>CMake Rules</Filter>
    </CustomBuild>
  </ItemGroup>
  <ItemGroup>
    <Filter Include="CMake Rules">
      <UniqueIdentifier>{3D2C8CCA-72CB-41B5-8B9D-41315D7746C9}</UniqueIdentifier>
    </Filter>
  </ItemGroup>
</Project>
